
Microsoft Visual Studio Solution File, Format Version 12.00
# Visual Studio Version 17
VisualStudioVersion = 17.14.36518.9 d17.14
MinimumVisualStudioVersion = 10.0.40219.1
Project("{8BC9CEB8-8B4A-11D0-8D11-00A0C91BC942}") = "SobelPrototyp", "SobelPrototyp\SobelPrototyp.vcxproj", "{94A98331-D8DF-4BD3-9AC3-1897100B45C7}"
EndProject
Global
	GlobalSection(SolutionConfigurationPlatforms) = preSolution
		Debug|x64 = Debug|x64
		Debug|x86 = Debug|x86
		Release|x64 = Release|x64
		Release|x86 = Release|x86
	EndGlobalSection
	GlobalSection(ProjectConfigurationPlatforms) = postSolution
		{94A98331-D8DF-4BD3-9AC3-1897100B45C7}.Debug|x64.ActiveCfg = Debug|x64
		{94A98331-D8DF-4BD3-9AC3-1897100B45C7}.Debug|x64.Build.0 = Debug|x64
		{94A98331-D8DF-4BD3-9AC3-1897100B45C7}.Debug|x86.ActiveCfg = Debug|Win32
		{94A98331-D8DF-4BD3-9AC3-1897100B45C7}.Debug|x86.Build.0 = Debug|Win32
		{94A98331-D8DF-4BD3-9AC3-1897100B45C7}.Release|x64.ActiveCfg = Release|x64
		{94A98331-D8DF-4BD3-9AC3-1897100B45C7}.Release|x64.Build.0 = Release|x64
		{94A98331-D8DF-4BD3-9AC3-1897100B45C7}.Release|x86.ActiveCfg = Release|Win32
		{94A98331-D8DF-4BD3-9AC3-1897100B45C7}.Release|x86.Build.0 = Release|Win32
	EndGlobalSection
	GlobalSection(SolutionProperties) = preSolution
		HideSolutionNode = FALSE
	EndGlobalSection
	GlobalSection(ExtensibilityGlobals) = postSolution
		SolutionGuid = {EA4B7B69-C6EC-4FF4-B24C-6A9BADCB5C14}
	EndGlobalSection
EndGlobal
